
Microsoft Visual Studio Solution File, Format Version 12.00
# Visual Studio 15
VisualStudioVersion = 15.0.28010.2046
MinimumVisualStudioVersion = 10.0.40219.1
Project("{9A19103F-16F7-4668-BE54-9A1E7A4F7556}") = "GameReviews", "gamereviews\GameReviews.csproj", "{8452AC88-4196-4CDD-8A33-1EEEC66D574F}"
EndProject
Global
	GlobalSection(SolutionConfigurationPlatforms) = preSolution
		Debug|Any CPU = Debug|Any CPU
		Release|Any CPU = Release|Any CPU
	EndGlobalSection
	GlobalSection(ProjectConfigurationPlatforms) = postSolution
		{8452AC88-4196-4CDD-8A33-1EEEC66D574F}.Debug|Any CPU.ActiveCfg = Debug|Any CPU
		{8452AC88-4196-4CDD-8A33-1EEEC66D574F}.Debug|Any CPU.Build.0 = Debug|Any CPU
		{8452AC88-4196-4CDD-8A33-1EEEC66D574F}.Release|Any CPU.ActiveCfg = Release|Any CPU
		{8452AC88-4196-4CDD-8A33-1EEEC66D574F}.Release|Any CPU.Build.0 = Release|Any CPU
	EndGlobalSection
	GlobalSection(SolutionProperties) = preSolution
		HideSolutionNode = FALSE
	EndGlobalSection
	GlobalSection(ExtensibilityGlobals) = postSolution
		SolutionGuid = {7CAC8179-F380-4A25-86C8-8FFE9DBA75C0}
	EndGlobalSection
EndGlobal
